<?xml version="1.0" encoding="utf-8"?>
<Project ToolsVersion="4.0" xmlns="http://schemas.microsoft.com/developer/msbuild/2003">
  <ItemGroup>
    <Filter Include="Source Files">
      <UniqueIdentifier>{4062DB19-A6A7-444B-8625-C1647ED30D10}</UniqueIdentifier>
      <Extensions>cpp;c;cxx</Extensions>
    </Filter>
    <Filter Include="Header Files">
      <UniqueIdentifier>{54DB1F05-2F7D-4BFB-A8B6-2BB464A2D3B8}</UniqueIdentifier>
      <Extensions>h;hpp</Extensions>
    </Filter>
    <Filter Include="Resources">
      <UniqueIdentifier>{9716AC41-A76E-407D-AE85-A610376C6DA6}</UniqueIdentifier>
      <Extensions>rc;ttf</Extensions>
    </Filter>
    <Filter Include="ImGui">
      <UniqueIdentifier>{D6171225-387D-4525-AD3F-A74484E31339}</UniqueIdentifier>
      <Extensions>cpp</Extensions>
    </Filter>
  </ItemGroup>
  <ItemGroup>
    <ClInclude Include="src\Injector.h">
      <Filter>Header Files</Filter>
    </ClInclude>
    <ClInclude Include="src\LocalCompatibility.h">
      <Filter>Header Files</Filter>
    </ClInclude>
    <ClInclude Include="assets\resource.h">
      <Filter>Resources</Filter>
    </ClInclude>
  </ItemGroup>
  <ItemGroup>
    <ClCompile Include="src\Injector.cpp">
      <Filter>Source Files</Filter>
    </ClCompile>
    <ClCompile Include="src\LocalCompatibility.cpp">
      <Filter>Source Files</Filter>
    </ClCompile>
    <ClCompile Include="src\LoaderMain.cpp">
      <Filter>Source Files</Filter>
    </ClCompile>
    <ClCompile Include="..\SolarpunkTrainer\deps\ImGui\imgui.cpp">
      <Filter>ImGui</Filter>
    </ClCompile>
    <ClCompile Include="..\SolarpunkTrainer\deps\ImGui\imgui_draw.cpp">
      <Filter>ImGui</Filter>
    </ClCompile>
    <ClCompile Include="..\SolarpunkTrainer\deps\ImGui\imgui_impl_dx11.cpp">
      <Filter>ImGui</Filter>
    </ClCompile>
    <ClCompile Include="..\SolarpunkTrainer\deps\ImGui\imgui_impl_win32.cpp">
      <Filter>ImGui</Filter>
    </ClCompile>
    <ClCompile Include="..\SolarpunkTrainer\deps\ImGui\imgui_tables.cpp">
      <Filter>ImGui</Filter>
    </ClCompile>
    <ClCompile Include="..\SolarpunkTrainer\deps\ImGui\imgui_widgets.cpp">
      <Filter>ImGui</Filter>
    </ClCompile>
  </ItemGroup>
  <ItemGroup>
    <ResourceCompile Include="assets\resources.rc">
      <Filter>Resources</Filter>
    </ResourceCompile>
  </ItemGroup>
  <ItemGroup>
    <None Include="..\SolarpunkTrainer\assets\fonts\LICENSE.txt">
      <Filter>Resources</Filter>
    </None>
  </ItemGroup>
</Project>
